
Microsoft Visual Studio Solution File, Format Version 12.00
# Visual Studio Version 17
VisualStudioVersion = 17.1.32210.238
MinimumVisualStudioVersion = 10.0.40219.1
Project("{9A19103F-16F7-4668-BE54-9A1E7A4F7556}") = "SimpleApp", "SimpleApp\SimpleApp.csproj", "{28D008DE-8186-4CAA-91C9-DC81CFDE96C6}"
EndProject
Project("{FAE04EC0-301F-11D3-BF4B-00C04F79EFBC}") = "UnitTestProject", "UnitTestProject\UnitTestProject.csproj", "{6E9213C0-483D-4ABA-B648-AA890773E5C5}"
EndProject
Global
	GlobalSection(SolutionConfigurationPlatforms) = preSolution
		Debug|Any CPU = Debug|Any CPU
		Release|Any CPU = Release|Any CPU
	EndGlobalSection
	GlobalSection(ProjectConfigurationPlatforms) = postSolution
		{28D008DE-8186-4CAA-91C9-DC81CFDE96C6}.Debug|Any CPU.ActiveCfg = Debug|Any CPU
		{28D008DE-8186-4CAA-91C9-DC81CFDE96C6}.Debug|Any CPU.Build.0 = Debug|Any CPU
		{28D008DE-8186-4CAA-91C9-DC81CFDE96C6}.Release|Any CPU.ActiveCfg = Release|Any CPU
		{28D008DE-8186-4CAA-91C9-DC81CFDE96C6}.Release|Any CPU.Build.0 = Release|Any CPU
		{6E9213C0-483D-4ABA-B648-AA890773E5C5}.Debug|Any CPU.ActiveCfg = Debug|Any CPU
		{6E9213C0-483D-4ABA-B648-AA890773E5C5}.Debug|Any CPU.Build.0 = Debug|Any CPU
		{6E9213C0-483D-4ABA-B648-AA890773E5C5}.Release|Any CPU.ActiveCfg = Release|Any CPU
		{6E9213C0-483D-4ABA-B648-AA890773E5C5}.Release|Any CPU.Build.0 = Release|Any CPU
	EndGlobalSection
	GlobalSection(SolutionProperties) = preSolution
		HideSolutionNode = FALSE
	EndGlobalSection
	GlobalSection(ExtensibilityGlobals) = postSolution
		SolutionGuid = {CFEA4FFD-CDFC-4CC1-876A-CEBFD5C2412D}
	EndGlobalSection
EndGlobal
